
Microsoft Visual Studio Solution File, Format Version 12.00
# Visual Studio 15
VisualStudioVersion = 15.0.28307.902
MinimumVisualStudioVersion = 10.0.40219.1
Project("{8BC9CEB8-8B4A-11D0-8D11-00A0C91BC942}") = "ServerGame", "ServerGame\ServerGame.vcxproj", "{E12D47D6-F185-49EB-9157-741F861EB065}"
EndProject
Global
	GlobalSection(SolutionConfigurationPlatforms) = preSolution
		Debug|x64 = Debug|x64
		Debug|x86 = Debug|x86
		Release|x64 = Release|x64
		Release|x86 = Release|x86
	EndGlobalSection
	GlobalSection(ProjectConfigurationPlatforms) = postSolution
		{E12D47D6-F185-49EB-9157-741F861EB065}.Debug|x64.ActiveCfg = Debug|x64
		{E12D47D6-F185-49EB-9157-741F861EB065}.Debug|x64.Build.0 = Debug|x64
		{E12D47D6-F185-49EB-9157-741F861EB065}.Debug|x86.ActiveCfg = Debug|Win32
		{E12D47D6-F185-49EB-9157-741F861EB065}.Debug|x86.Build.0 = Debug|Win32
		{E12D47D6-F185-49EB-9157-741F861EB065}.Release|x64.ActiveCfg = Release|x64
		{E12D47D6-F185-49EB-9157-741F861EB065}.Release|x64.Build.0 = Release|x64
		{E12D47D6-F185-49EB-9157-741F861EB065}.Release|x86.ActiveCfg = Release|Win32
		{E12D47D6-F185-49EB-9157-741F861EB065}.Release|x86.Build.0 = Release|Win32
	EndGlobalSection
	GlobalSection(SolutionProperties) = preSolution
		HideSolutionNode = FALSE
	EndGlobalSection
	GlobalSection(ExtensibilityGlobals) = postSolution
		SolutionGuid = {EF247BDE-4CA5-4A2C-B984-DA5784F9FCED}
	EndGlobalSection
EndGlobal
